
Microsoft Visual Studio Solution File, Format Version 12.00
# Visual Studio Version 16
VisualStudioVersion = 25.0.1705.3
MinimumVisualStudioVersion = 10.0.40219.1
Project("{FAE04EC0-301F-11D3-BF4B-00C04F79EFBC}") = "NotesCRUD", "NotesCRUD\NotesCRUD.csproj", "{958DA0A9-D438-4C0B-BC81-3E6AE030624C}"
EndProject
Project("{FAE04EC0-301F-11D3-BF4B-00C04F79EFBC}") = "NotesCRUD.Data", "NotesCRUD.Data\NotesCRUD.Data.csproj", "{02E0822C-AA21-4207-9E3E-1B7248729B87}"
EndProject
Global
	GlobalSection(SolutionConfigurationPlatforms) = preSolution
		Debug|Any CPU = Debug|Any CPU
		Release|Any CPU = Release|Any CPU
	EndGlobalSection
	GlobalSection(ProjectConfigurationPlatforms) = postSolution
		{958DA0A9-D438-4C0B-BC81-3E6AE030624C}.Debug|Any CPU.ActiveCfg = Debug|Any CPU
		{958DA0A9-D438-4C0B-BC81-3E6AE030624C}.Debug|Any CPU.Build.0 = Debug|Any CPU
		{958DA0A9-D438-4C0B-BC81-3E6AE030624C}.Release|Any CPU.ActiveCfg = Release|Any CPU
		{958DA0A9-D438-4C0B-BC81-3E6AE030624C}.Release|Any CPU.Build.0 = Release|Any CPU
		{02E0822C-AA21-4207-9E3E-1B7248729B87}.Debug|Any CPU.ActiveCfg = Debug|Any CPU
		{02E0822C-AA21-4207-9E3E-1B7248729B87}.Debug|Any CPU.Build.0 = Debug|Any CPU
		{02E0822C-AA21-4207-9E3E-1B7248729B87}.Release|Any CPU.ActiveCfg = Release|Any CPU
		{02E0822C-AA21-4207-9E3E-1B7248729B87}.Release|Any CPU.Build.0 = Release|Any CPU
	EndGlobalSection
	GlobalSection(SolutionProperties) = preSolution
		HideSolutionNode = FALSE
	EndGlobalSection
	GlobalSection(ExtensibilityGlobals) = postSolution
		SolutionGuid = {83D97099-11A7-41DC-8669-394B8A9EEACD}
	EndGlobalSection
EndGlobal
